
Microsoft Visual Studio Solution File, Format Version 12.00
Project("{FAE04EC0-301F-11D3-BF4B-00C04F79EFBC}") = "EmployeeCrudDapper", "EmployeeCrudDapper\EmployeeCrudDapper.csproj", "{98557DC3-E1D9-403D-9AB5-E0BEF9BA2134}"
EndProject
Global
	GlobalSection(SolutionConfigurationPlatforms) = preSolution
		Debug|Any CPU = Debug|Any CPU
		Release|Any CPU = Release|Any CPU
	EndGlobalSection
	GlobalSection(ProjectConfigurationPlatforms) = postSolution
		{98557DC3-E1D9-403D-9AB5-E0BEF9BA2134}.Debug|Any CPU.ActiveCfg = Debug|Any CPU
		{98557DC3-E1D9-403D-9AB5-E0BEF9BA2134}.Debug|Any CPU.Build.0 = Debug|Any CPU
		{98557DC3-E1D9-403D-9AB5-E0BEF9BA2134}.Release|Any CPU.ActiveCfg = Release|Any CPU
		{98557DC3-E1D9-403D-9AB5-E0BEF9BA2134}.Release|Any CPU.Build.0 = Release|Any CPU
	EndGlobalSection
EndGlobal
